
Microsoft Visual Studio Solution File, Format Version 12.00
# Visual Studio Version 17
VisualStudioVersion = 17.13.35931.197 d17.13
MinimumVisualStudioVersion = 10.0.40219.1
Project("{FAE04EC0-301F-11D3-BF4B-00C04F79EFBC}") = "Simple Expense Tracker", "Simple Expense Tracker\Simple Expense Tracker.csproj", "{8F08FA42-2032-49FF-80DA-97F408CDDEFA}"
EndProject
Global
	GlobalSection(SolutionConfigurationPlatforms) = preSolution
		Debug|Any CPU = Debug|Any CPU
		Release|Any CPU = Release|Any CPU
	EndGlobalSection
	GlobalSection(ProjectConfigurationPlatforms) = postSolution
		{8F08FA42-2032-49FF-80DA-97F408CDDEFA}.Debug|Any CPU.ActiveCfg = Debug|Any CPU
		{8F08FA42-2032-49FF-80DA-97F408CDDEFA}.Debug|Any CPU.Build.0 = Debug|Any CPU
		{8F08FA42-2032-49FF-80DA-97F408CDDEFA}.Release|Any CPU.ActiveCfg = Release|Any CPU
		{8F08FA42-2032-49FF-80DA-97F408CDDEFA}.Release|Any CPU.Build.0 = Release|Any CPU
	EndGlobalSection
	GlobalSection(SolutionProperties) = preSolution
		HideSolutionNode = FALSE
	EndGlobalSection
	GlobalSection(ExtensibilityGlobals) = postSolution
		SolutionGuid = {C38D008D-0DFA-4E52-A543-21DB2B01DA67}
	EndGlobalSection
EndGlobal
